
Microsoft Visual Studio Solution File, Format Version 12.00
# Visual Studio Version 17
VisualStudioVersion = 17.14.37411.7 d17.14
MinimumVisualStudioVersion = 10.0.40219.1
Project("{FAE04EC0-301F-11D3-BF4B-00C04F79EFBC}") = "Autofficina", "Autofficina.csproj", "{5B8980F4-507F-450C-AA72-1762F0970D36}"
EndProject
Global
	GlobalSection(SolutionConfigurationPlatforms) = preSolution
		Debug|Any CPU = Debug|Any CPU
		Release|Any CPU = Release|Any CPU
	EndGlobalSection
	GlobalSection(ProjectConfigurationPlatforms) = postSolution
		{5B8980F4-507F-450C-AA72-1762F0970D36}.Debug|Any CPU.ActiveCfg = Debug|Any CPU
		{5B8980F4-507F-450C-AA72-1762F0970D36}.Debug|Any CPU.Build.0 = Debug|Any CPU
		{5B8980F4-507F-450C-AA72-1762F0970D36}.Release|Any CPU.ActiveCfg = Release|Any CPU
		{5B8980F4-507F-450C-AA72-1762F0970D36}.Release|Any CPU.Build.0 = Release|Any CPU
	EndGlobalSection
	GlobalSection(SolutionProperties) = preSolution
		HideSolutionNode = FALSE
	EndGlobalSection
	GlobalSection(ExtensibilityGlobals) = postSolution
		SolutionGuid = {990BE2DD-36DB-4B35-A50D-CADB179D98A2}
	EndGlobalSection
EndGlobal
